
Microsoft Visual Studio Solution File, Format Version 12.00
# Visual Studio Version 17
VisualStudioVersion = 17.7.34031.279
MinimumVisualStudioVersion = 10.0.40219.1
Project("{FAE04EC0-301F-11D3-BF4B-00C04F79EFBC}") = "VendingMachineWebApplication", "VendingMachineWebApplication\VendingMachineWebApplication.csproj", "{B1C0AB4E-53B7-452A-8CB8-2341937FAD7E}"
EndProject
Global
	GlobalSection(SolutionConfigurationPlatforms) = preSolution
		Debug|Any CPU = Debug|Any CPU
		Release|Any CPU = Release|Any CPU
	EndGlobalSection
	GlobalSection(ProjectConfigurationPlatforms) = postSolution
		{B1C0AB4E-53B7-452A-8CB8-2341937FAD7E}.Debug|Any CPU.ActiveCfg = Debug|Any CPU
		{B1C0AB4E-53B7-452A-8CB8-2341937FAD7E}.Debug|Any CPU.Build.0 = Debug|Any CPU
		{B1C0AB4E-53B7-452A-8CB8-2341937FAD7E}.Release|Any CPU.ActiveCfg = Release|Any CPU
		{B1C0AB4E-53B7-452A-8CB8-2341937FAD7E}.Release|Any CPU.Build.0 = Release|Any CPU
	EndGlobalSection
	GlobalSection(SolutionProperties) = preSolution
		HideSolutionNode = FALSE
	EndGlobalSection
	GlobalSection(ExtensibilityGlobals) = postSolution
		SolutionGuid = {31C62FAA-3310-4874-A77A-31292F2791EE}
	EndGlobalSection
EndGlobal
